
Microsoft Visual Studio Solution File, Format Version 12.00
# Visual Studio Version 16
VisualStudioVersion = 16.0.29613.14
MinimumVisualStudioVersion = 10.0.40219.1
Project("{888888A0-9F3D-457C-B088-3A5042F75D52}") = "LabPython", "LabPython\LabPython.pyproj", "{C89D198A-3152-48DC-A8B5-8A0036D12AC0}"
EndProject
Global
	GlobalSection(SolutionConfigurationPlatforms) = preSolution
		Debug|Any CPU = Debug|Any CPU
		Release|Any CPU = Release|Any CPU
	EndGlobalSection
	GlobalSection(ProjectConfigurationPlatforms) = postSolution
		{C89D198A-3152-48DC-A8B5-8A0036D12AC0}.Debug|Any CPU.ActiveCfg = Debug|Any CPU
		{C89D198A-3152-48DC-A8B5-8A0036D12AC0}.Release|Any CPU.ActiveCfg = Release|Any CPU
	EndGlobalSection
	GlobalSection(SolutionProperties) = preSolution
		HideSolutionNode = FALSE
	EndGlobalSection
	GlobalSection(ExtensibilityGlobals) = postSolution
		SolutionGuid = {AA270BF2-A37E-400C-8CEB-9D6F579EA903}
	EndGlobalSection
EndGlobal
